
Microsoft Visual Studio Solution File, Format Version 12.00
# Visual Studio Version 16
VisualStudioVersion = 16.0.31005.135
MinimumVisualStudioVersion = 10.0.40219.1
Project("{8BC9CEB8-8B4A-11D0-8D11-00A0C91BC942}") = "KPI", "KPI\KPI.vcxproj", "{A8C170AA-B147-499C-A6C6-1637DF484BC0}"
EndProject
Global
	GlobalSection(SolutionConfigurationPlatforms) = preSolution
		Debug|x64 = Debug|x64
		Debug|x86 = Debug|x86
		Release|x64 = Release|x64
		Release|x86 = Release|x86
	EndGlobalSection
	GlobalSection(ProjectConfigurationPlatforms) = postSolution
		{A8C170AA-B147-499C-A6C6-1637DF484BC0}.Debug|x64.ActiveCfg = Debug|x64
		{A8C170AA-B147-499C-A6C6-1637DF484BC0}.Debug|x64.Build.0 = Debug|x64
		{A8C170AA-B147-499C-A6C6-1637DF484BC0}.Debug|x86.ActiveCfg = Debug|Win32
		{A8C170AA-B147-499C-A6C6-1637DF484BC0}.Debug|x86.Build.0 = Debug|Win32
		{A8C170AA-B147-499C-A6C6-1637DF484BC0}.Release|x64.ActiveCfg = Release|x64
		{A8C170AA-B147-499C-A6C6-1637DF484BC0}.Release|x64.Build.0 = Release|x64
		{A8C170AA-B147-499C-A6C6-1637DF484BC0}.Release|x86.ActiveCfg = Release|Win32
		{A8C170AA-B147-499C-A6C6-1637DF484BC0}.Release|x86.Build.0 = Release|Win32
	EndGlobalSection
	GlobalSection(SolutionProperties) = preSolution
		HideSolutionNode = FALSE
	EndGlobalSection
	GlobalSection(ExtensibilityGlobals) = postSolution
		SolutionGuid = {32F30304-33C6-4A35-B219-4382E77A890D}
	EndGlobalSection
EndGlobal
